// !$*UTF8*$!
{
	archiveVersion = 1;
	classes = {
	};
	objectVersion = 56;
	objects = {

/* Begin PBXBuildFile section */
		4201DA6F2B1F686B002A203E /* AppDelegate.swift in Sources */ = {isa = PBXBuildFile; fileRef = 4201DA6E2B1F686B002A203E /* AppDelegate.swift */; };
		4201DA712B1F686B002A203E /* SceneDelegate.swift in Sources */ = {isa = PBXBuildFile; fileRef = 4201DA702B1F686B002A203E /* SceneDelegate.swift */; };
		4201DA732B1F686B002A203E /* ViewController.swift in Sources */ = {isa = PBXBuildFile; fileRef = 4201DA722B1F686B002A203E /* ViewController.swift */; };
		4201DA762B1F686B002A203E /* Main.storyboard in Resources */ = {isa = PBXBuildFile; fileRef = 4201DA742B1F686B002A203E /* Main.storyboard */; };
		4201DA782B1F686E002A203E /* Assets.xcassets in Resources */ = {isa = PBXBuildFile; fileRef = 4201DA772B1F686E002A203E /* Assets.xcassets */; };
		4201DA7B2B1F686E002A203E /* LaunchScreen.storyboard in Resources */ = {isa = PBXBuildFile; fileRef = 4201DA792B1F686E002A203E /* LaunchScreen.storyboard */; };
		4201DA832B1F6C28002A203E /* SpotCell.swift in Sources */ = {isa = PBXBuildFile; fileRef = 4201DA822B1F6C28002A203E /* SpotCell.swift */; };
		4201DA872B1F7589002A203E /* DetailSpotViewController.swift in Sources */ = {isa = PBXBuildFile; fileRef = 4201DA862B1F7589002A203E /* DetailSpotViewController.swift */; };
		7B9A2F742B2769AB00D2E498 /* Model.swift in Sources */ = {isa = PBXBuildFile; fileRef = 7B9A2F732B2769AB00D2E498 /* Model.swift */; };
		A8E5863C2B275C1A00B5B538 /* APIManager.swift in Sources */ = {isa = PBXBuildFile; fileRef = A8E5863B2B275C1A00B5B538 /* APIManager.swift */; };
		A8E586402B275E1600B5B538 /* StringExtension.swift in Sources */ = {isa = PBXBuildFile; fileRef = A8E5863F2B275E1600B5B538 /* StringExtension.swift */; };
/* End PBXBuildFile section */

/* Begin PBXFileReference section */
		4201DA6B2B1F686B002A203E /* SeaSwiftAndSun-Simplon.app */ = {isa = PBXFileReference; explicitFileType = wrapper.application; includeInIndex = 0; path = "SeaSwiftAndSun-Simplon.app"; sourceTree = BUILT_PRODUCTS_DIR; };
		4201DA6E2B1F686B002A203E /* AppDelegate.swift */ = {isa = PBXFileReference; lastKnownFileType = sourcecode.swift; path = AppDelegate.swift; sourceTree = "<group>"; };
		4201DA702B1F686B002A203E /* SceneDelegate.swift */ = {isa = PBXFileReference; lastKnownFileType = sourcecode.swift; path = SceneDelegate.swift; sourceTree = "<group>"; };
		4201DA722B1F686B002A203E /* ViewController.swift */ = {isa = PBXFileReference; lastKnownFileType = sourcecode.swift; path = ViewController.swift; sourceTree = "<group>"; };
		4201DA752B1F686B002A203E /* Base */ = {isa = PBXFileReference; lastKnownFileType = file.storyboard; name = Base; path = Base.lproj/Main.storyboard; sourceTree = "<group>"; };
		4201DA772B1F686E002A203E /* Assets.xcassets */ = {isa = PBXFileReference; lastKnownFileType = folder.assetcatalog; path = Assets.xcassets; sourceTree = "<group>"; };
		4201DA7A2B1F686E002A203E /* Base */ = {isa = PBXFileReference; lastKnownFileType = file.storyboard; name = Base; path = Base.lproj/LaunchScreen.storyboard; sourceTree = "<group>"; };
		4201DA7C2B1F686E002A203E /* Info.plist */ = {isa = PBXFileReference; lastKnownFileType = text.plist.xml; path = Info.plist; sourceTree = "<group>"; };
		4201DA822B1F6C28002A203E /* SpotCell.swift */ = {isa = PBXFileReference; lastKnownFileType = sourcecode.swift; path = SpotCell.swift; sourceTree = "<group>"; };
		4201DA862B1F7589002A203E /* DetailSpotViewController.swift */ = {isa = PBXFileReference; lastKnownFileType = sourcecode.swift; path = DetailSpotViewController.swift; sourceTree = "<group>"; };
		7BEE6E9F2B284E60004AEE4C /* .gitignore */ = {isa = PBXFileReference; fileEncoding = 4; lastKnownFileType = text; name = .gitignore; path = ../../.gitignore; sourceTree = "<group>"; };
/* End PBXFileReference section */

/* Begin PBXFrameworksBuildPhase section */
		4201DA682B1F686B002A203E /* Frameworks */ = {
			isa = PBXFrameworksBuildPhase;
			buildActionMask = 2147483647;
			files = (
			);
			runOnlyForDeploymentPostprocessing = 0;
		};
/* End PBXFrameworksBuildPhase section */

/* Begin PBXGroup section */
		4201DA622B1F686B002A203E = {
			isa = PBXGroup;
			children = (
				4201DA6D2B1F686B002A203E /* SeaSwiftAndSun-Simplon */,
				4201DA6C2B1F686B002A203E /* Products */,
			);
			sourceTree = "<group>";
		};
		4201DA6C2B1F686B002A203E /* Products */ = {
			isa = PBXGroup;
			children = (
				4201DA6B2B1F686B002A203E /* SeaSwiftAndSun-Simplon.app */,
			);
			name = Products;
			sourceTree = "<group>";
		};
		4201DA6D2B1F686B002A203E /* SeaSwiftAndSun-Simplon */ = {
			isa = PBXGroup;
			children = (
				A8E5863D2B275DF000B5B538 /* Extensions */,
				4201DA852B1F756D002A203E /* Views */,
				4201DA842B1F7561002A203E /* Controllers */,
				4201DA6E2B1F686B002A203E /* AppDelegate.swift */,
				4201DA702B1F686B002A203E /* SceneDelegate.swift */,
				4201DA742B1F686B002A203E /* Main.storyboard */,
				4201DA772B1F686E002A203E /* Assets.xcassets */,
				4201DA792B1F686E002A203E /* LaunchScreen.storyboard */,
				4201DA7C2B1F686E002A203E /* Info.plist */,
				A8E5863B2B275C1A00B5B538 /* APIManager.swift */,
				7B9A2F722B2769AB00D2E498 /* Model */,
			);
			path = "SeaSwiftAndSun-Simplon";
			sourceTree = "<group>";
		};
		4201DA842B1F7561002A203E /* Controllers */ = {
			isa = PBXGroup;
			children = (
				4201DA722B1F686B002A203E /* ViewController.swift */,
				4201DA862B1F7589002A203E /* DetailSpotViewController.swift */,
			);
			path = Controllers;
			sourceTree = "<group>";
		};
		4201DA852B1F756D002A203E /* Views */ = {
			isa = PBXGroup;
			children = (
				4201DA822B1F6C28002A203E /* SpotCell.swift */,
			);
			path = Views;
			sourceTree = "<group>";
		};
		7B9A2F722B2769AB00D2E498 /* Model */ = {
			isa = PBXGroup;
			children = (
				7B9A2F732B2769AB00D2E498 /* Model.swift */,
			);
			path = Model;
			sourceTree = "<group>";
		};
		A8E5863D2B275DF000B5B538 /* Extensions */ = {
			isa = PBXGroup;
			children = (
				A8E5863F2B275E1600B5B538 /* StringExtension.swift */,
			);
			path = Extensions;
			sourceTree = "<group>";
		};
/* End PBXGroup section */

/* Begin PBXNativeTarget section */
		4201DA6A2B1F686B002A203E /* SeaSwiftAndSun-Simplon */ = {
			isa = PBXNativeTarget;
			buildConfigurationList = 4201DA7F2B1F686E002A203E /* Build configuration list for PBXNativeTarget "SeaSwiftAndSun-Simplon" */;
			buildPhases = (
				4201DA672B1F686B002A203E /* Sources */,
				4201DA682B1F686B002A203E /* Frameworks */,
				4201DA692B1F686B002A203E /* Resources */,
			);
			buildRules = (
			);
			dependencies = (
			);
			name = "SeaSwiftAndSun-Simplon";
			productName = "SeaSwiftAndSun-Simplon";
			productReference = 4201DA6B2B1F686B002A203E /* SeaSwiftAndSun-Simplon.app */;
			productType = "com.apple.product-type.application";
		};
/* End PBXNativeTarget section */

/* Begin PBXProject section */
		4201DA632B1F686B002A203E /* Project object */ = {
			isa = PBXProject;
			attributes = {
				BuildIndependentTargetsInParallel = 1;
				LastSwiftUpdateCheck = 1500;
				LastUpgradeCheck = 1500;
				TargetAttributes = {
					4201DA6A2B1F686B002A203E = {
						CreatedOnToolsVersion = 15.0.1;
					};
				};
			};
			buildConfigurationList = 4201DA662B1F686B002A203E /* Build configuration list for PBXProject "SeaSwiftAndSun-Simplon" */;
			compatibilityVersion = "Xcode 14.0";
			developmentRegion = en;
			hasScannedForEncodings = 0;
			knownRegions = (
				en,
				Base,
			);
			mainGroup = 4201DA622B1F686B002A203E;
			productRefGroup = 4201DA6C2B1F686B002A203E /* Products */;
			projectDirPath = "";
			projectRoot = "";
			targets = (
				4201DA6A2B1F686B002A203E /* SeaSwiftAndSun-Simplon */,
			);
		};
/* End PBXProject section */

/* Begin PBXResourcesBuildPhase section */
		4201DA692B1F686B002A203E /* Resources */ = {
			isa = PBXResourcesBuildPhase;
			buildActionMask = 2147483647;
			files = (
				7BEE6EA02B284E60004AEE4C /* .gitignore in Resources */,
				4201DA7B2B1F686E002A203E /* LaunchScreen.storyboard in Resources */,
				4201DA782B1F686E002A203E /* Assets.xcassets in Resources */,
				4201DA762B1F686B002A203E /* Main.storyboard in Resources */,
			);
			runOnlyForDeploymentPostprocessing = 0;
		};
/* End PBXResourcesBuildPhase section */

/* Begin PBXSourcesBuildPhase section */
		4201DA672B1F686B002A203E /* Sources */ = {
			isa = PBXSourcesBuildPhase;
			buildActionMask = 2147483647;
			files = (
				A8E5863C2B275C1A00B5B538 /* APIManager.swift in Sources */,
				A8E586402B275E1600B5B538 /* StringExtension.swift in Sources */,
				4201DA872B1F7589002A203E /* DetailSpotViewController.swift in Sources */,
				4201DA732B1F686B002A203E /* ViewController.swift in Sources */,
				4201DA6F2B1F686B002A203E /* AppDelegate.swift in Sources */,
				4201DA712B1F686B002A203E /* SceneDelegate.swift in Sources */,
				4201DA832B1F6C28002A203E /* SpotCell.swift in Sources */,
				7B9A2F742B2769AB00D2E498 /* Model.swift in Sources */,
			);
			runOnlyForDeploymentPostprocessing = 0;
		};
/* End PBXSourcesBuildPhase section */

/* Begin PBXVariantGroup section */
		4201DA742B1F686B002A203E /* Main.storyboard */ = {
			isa = PBXVariantGroup;
			children = (
				4201DA752B1F686B002A203E /* Base */,
			);
			name = Main.storyboard;
			sourceTree = "<group>";
		};
		4201DA792B1F686E002A203E /* LaunchScreen.storyboard */ = {
			isa = PBXVariantGroup;
			children = (
				4201DA7A2B1F686E002A203E /* Base */,
			);
			name = LaunchScreen.storyboard;
			sourceTree = "<group>";
		};
/* End PBXVariantGroup section */

/* Begin XCBuildConfiguration section */
		4201DA7D2B1F686E002A203E /* Debug */ = {
			isa = XCBuildConfiguration;
			buildSettings = {
				ALWAYS_SEARCH_USER_PATHS = NO;
				ASSETCATALOG_COMPILER_GENERATE_SWIFT_ASSET_SYMBOL_EXTENSIONS = YES;
				CLANG_ANALYZER_NONNULL = YES;
				CLANG_ANALYZER_NUMBER_OBJECT_CONVERSION = YES_AGGRESSIVE;
				CLANG_CXX_LANGUAGE_STANDARD = "gnu++20";
				CLANG_ENABLE_MODULES = YES;
				CLANG_ENABLE_OBJC_ARC = YES;
				CLANG_ENABLE_OBJC_WEAK = YES;
				CLANG_WARN_BLOCK_CAPTURE_AUTORELEASING = YES;
				CLANG_WARN_BOOL_CONVERSION = YES;
				CLANG_WARN_COMMA = YES;
				CLANG_WARN_CONSTANT_CONVERSION = YES;
				CLANG_WARN_DEPRECATED_OBJC_IMPLEMENTATIONS = YES;
				CLANG_WARN_DIRECT_OBJC_ISA_USAGE = YES_ERROR;
				CLANG_WARN_DOCUMENTATION_COMMENTS = YES;
				CLANG_WARN_EMPTY_BODY = YES;
				CLANG_WARN_ENUM_CONVERSION = YES;
				CLANG_WARN_INFINITE_RECURSION = YES;
				CLANG_WARN_INT_CONVERSION = YES;
				CLANG_WARN_NON_LITERAL_NULL_CONVERSION = YES;
				CLANG_WARN_OBJC_IMPLICIT_RETAIN_SELF = YES;
				CLANG_WARN_OBJC_LITERAL_CONVERSION = YES;
				CLANG_WARN_OBJC_ROOT_CLASS = YES_ERROR;
				CLANG_WARN_QUOTED_INCLUDE_IN_FRAMEWORK_HEADER = YES;
				CLANG_WARN_RANGE_LOOP_ANALYSIS = YES;
				CLANG_WARN_STRICT_PROTOTYPES = YES;
				CLANG_WARN_SUSPICIOUS_MOVE = YES;
				CLANG_WARN_UNGUARDED_AVAILABILITY = YES_AGGRESSIVE;
				CLANG_WARN_UNREACHABLE_CODE = YES;
				CLANG_WARN__DUPLICATE_METHOD_MATCH = YES;
				COPY_PHASE_STRIP = NO;
				DEBUG_INFORMATION_FORMAT = dwarf;
				ENABLE_STRICT_OBJC_MSGSEND = YES;
				ENABLE_TESTABILITY = YES;
				ENABLE_USER_SCRIPT_SANDBOXING = YES;
				GCC_C_LANGUAGE_STANDARD = gnu17;
				GCC_DYNAMIC_NO_PIC = NO;
				GCC_NO_COMMON_BLOCKS = YES;
				GCC_OPTIMIZATION_LEVEL = 0;
				GCC_PREPROCESSOR_DEFINITIONS = (
					"DEBUG=1",
					"$(inherited)",
				);
				GCC_WARN_64_TO_32_BIT_CONVERSION = YES;
				GCC_WARN_ABOUT_RETURN_TYPE = YES_ERROR;
				GCC_WARN_UNDECLARED_SELECTOR = YES;
				GCC_WARN_UNINITIALIZED_AUTOS = YES_AGGRESSIVE;
				GCC_WARN_UNUSED_FUNCTION = YES;
				GCC_WARN_UNUSED_VARIABLE = YES;
				IPHONEOS_DEPLOYMENT_TARGET = 17.0;
				LOCALIZATION_PREFERS_STRING_CATALOGS = YES;
				MTL_ENABLE_DEBUG_INFO = INCLUDE_SOURCE;
				MTL_FAST_MATH = YES;
				ONLY_ACTIVE_ARCH = YES;
				SDKROOT = iphoneos;
				SWIFT_ACTIVE_COMPILATION_CONDITIONS = "DEBUG $(inherited)";
				SWIFT_OPTIMIZATION_LEVEL = "-Onone";
			};
			name = Debug;
		};
		4201DA7E2B1F686E002A203E /* Release */ = {
			isa = XCBuildConfiguration;
			buildSettings = {
				ALWAYS_SEARCH_USER_PATHS = NO;
				ASSETCATALOG_COMPILER_GENERATE_SWIFT_ASSET_SYMBOL_EXTENSIONS = YES;
				CLANG_ANALYZER_NONNULL = YES;
				CLANG_ANALYZER_NUMBER_OBJECT_CONVERSION = YES_AGGRESSIVE;
				CLANG_CXX_LANGUAGE_STANDARD = "gnu++20";
				CLANG_ENABLE_MODULES = YES;
				CLANG_ENABLE_OBJC_ARC = YES;
				CLANG_ENABLE_OBJC_WEAK = YES;
				CLANG_WARN_BLOCK_CAPTURE_AUTORELEASING = YES;
				CLANG_WARN_BOOL_CONVERSION = YES;
				CLANG_WARN_COMMA = YES;
				CLANG_WARN_CONSTANT_CONVERSION = YES;
				CLANG_WARN_DEPRECATED_OBJC_IMPLEMENTATIONS = YES;
				CLANG_WARN_DIRECT_OBJC_ISA_USAGE = YES_ERROR;
				CLANG_WARN_DOCUMENTATION_COMMENTS = YES;
				CLANG_WARN_EMPTY_BODY = YES;
				CLANG_WARN_ENUM_CONVERSION = YES;
				CLANG_WARN_INFINITE_RECURSION = YES;
				CLANG_WARN_INT_CONVERSION = YES;
				CLANG_WARN_NON_LITERAL_NULL_CONVERSION = YES;
				CLANG_WARN_OBJC_IMPLICIT_RETAIN_SELF = YES;
				CLANG_WARN_OBJC_LITERAL_CONVERSION = YES;
				CLANG_WARN_OBJC_ROOT_CLASS = YES_ERROR;
				CLANG_WARN_QUOTED_INCLUDE_IN_FRAMEWORK_HEADER = YES;
				CLANG_WARN_RANGE_LOOP_ANALYSIS = YES;
				CLANG_WARN_STRICT_PROTOTYPES = YES;
				CLANG_WARN_SUSPICIOUS_MOVE = YES;
				CLANG_WARN_UNGUARDED_AVAILABILITY = YES_AGGRESSIVE;
				CLANG_WARN_UNREACHABLE_CODE = YES;
				CLANG_WARN__DUPLICATE_METHOD_MATCH = YES;
				COPY_PHASE_STRIP = NO;
				DEBUG_INFORMATION_FORMAT = "dwarf-with-dsym";
				ENABLE_NS_ASSERTIONS = NO;
				ENABLE_STRICT_OBJC_MSGSEND = YES;
				ENABLE_USER_SCRIPT_SANDBOXING = YES;
				GCC_C_LANGUAGE_STANDARD = gnu17;
				GCC_NO_COMMON_BLOCKS = YES;
				GCC_WARN_64_TO_32_BIT_CONVERSION = YES;
				GCC_WARN_ABOUT_RETURN_TYPE = YES_ERROR;
				GCC_WARN_UNDECLARED_SELECTOR = YES;
				GCC_WARN_UNINITIALIZED_AUTOS = YES_AGGRESSIVE;
				GCC_WARN_UNUSED_FUNCTION = YES;
				GCC_WARN_UNUSED_VARIABLE = YES;
				IPHONEOS_DEPLOYMENT_TARGET = 17.0;
				LOCALIZATION_PREFERS_STRING_CATALOGS = YES;
				MTL_ENABLE_DEBUG_INFO = NO;
				MTL_FAST_MATH = YES;
				SDKROOT = iphoneos;
				SWIFT_COMPILATION_MODE = wholemodule;
				VALIDATE_PRODUCT = YES;
			};
			name = Release;
		};
		4201DA802B1F686E002A203E /* Debug */ = {
			isa = XCBuildConfiguration;
			buildSettings = {
				ASSETCATALOG_COMPILER_APPICON_NAME = AppIcon;
				ASSETCATALOG_COMPILER_GLOBAL_ACCENT_COLOR_NAME = AccentColor;
				CODE_SIGN_STYLE = Automatic;
				CURRENT_PROJECT_VERSION = 1;
				DEVELOPMENT_TEAM = 6FH7WNJPHQ;
				GENERATE_INFOPLIST_FILE = YES;
				INFOPLIST_FILE = "SeaSwiftAndSun-Simplon/Info.plist";
				INFOPLIST_KEY_UIApplicationSupportsIndirectInputEvents = YES;
				INFOPLIST_KEY_UILaunchStoryboardName = LaunchScreen;
				INFOPLIST_KEY_UIMainStoryboardFile = Main;
				INFOPLIST_KEY_UISupportedInterfaceOrientations = UIInterfaceOrientationPortrait;
				LD_RUNPATH_SEARCH_PATHS = (
					"$(inherited)",
					"@executable_path/Frameworks",
				);
				MARKETING_VERSION = 1.0;
				PRODUCT_BUNDLE_IDENTIFIER = "com.amandinecousin.SeaSwiftAndSun-Simplon";
				PRODUCT_NAME = "$(TARGET_NAME)";
				SUPPORTED_PLATFORMS = "iphoneos iphonesimulator";
				SUPPORTS_MACCATALYST = NO;
				SUPPORTS_MAC_DESIGNED_FOR_IPHONE_IPAD = NO;
				SWIFT_EMIT_LOC_STRINGS = YES;
				SWIFT_VERSION = 5.0;
				TARGETED_DEVICE_FAMILY = 1;
			};
			name = Debug;
		};
		4201DA812B1F686E002A203E /* Release */ = {
			isa = XCBuildConfiguration;
			buildSettings = {
				ASSETCATALOG_COMPILER_APPICON_NAME = AppIcon;
				ASSETCATALOG_COMPILER_GLOBAL_ACCENT_COLOR_NAME = AccentColor;
				CODE_SIGN_STYLE = Automatic;
				CURRENT_PROJECT_VERSION = 1;
				DEVELOPMENT_TEAM = 6FH7WNJPHQ;
				GENERATE_INFOPLIST_FILE = YES;
				INFOPLIST_FILE = "SeaSwiftAndSun-Simplon/Info.plist";
				INFOPLIST_KEY_UIApplicationSupportsIndirectInputEvents = YES;
				INFOPLIST_KEY_UILaunchStoryboardName = LaunchScreen;
				INFOPLIST_KEY_UIMainStoryboardFile = Main;
				INFOPLIST_KEY_UISupportedInterfaceOrientations = UIInterfaceOrientationPortrait;
				LD_RUNPATH_SEARCH_PATHS = (
					"$(inherited)",
					"@executable_path/Frameworks",
				);
				MARKETING_VERSION = 1.0;
				PRODUCT_BUNDLE_IDENTIFIER = "com.amandinecousin.SeaSwiftAndSun-Simplon";
				PRODUCT_NAME = "$(TARGET_NAME)";
				SUPPORTED_PLATFORMS = "iphoneos iphonesimulator";
				SUPPORTS_MACCATALYST = NO;
				SUPPORTS_MAC_DESIGNED_FOR_IPHONE_IPAD = NO;
				SWIFT_EMIT_LOC_STRINGS = YES;
				SWIFT_VERSION = 5.0;
				TARGETED_DEVICE_FAMILY = 1;
			};
			name = Release;
		};
/* End XCBuildConfiguration section */

/* Begin XCConfigurationList section */
		4201DA662B1F686B002A203E /* Build configuration list for PBXProject "SeaSwiftAndSun-Simplon" */ = {
			isa = XCConfigurationList;
			buildConfigurations = (
				4201DA7D2B1F686E002A203E /* Debug */,
				4201DA7E2B1F686E002A203E /* Release */,
			);
			defaultConfigurationIsVisible = 0;
			defaultConfigurationName = Release;
		};
		4201DA7F2B1F686E002A203E /* Build configuration list for PBXNativeTarget "SeaSwiftAndSun-Simplon" */ = {
			isa = XCConfigurationList;
			buildConfigurations = (
				4201DA802B1F686E002A203E /* Debug */,
				4201DA812B1F686E002A203E /* Release */,
			);
			defaultConfigurationIsVisible = 0;
			defaultConfigurationName = Release;
		};
/* End XCConfigurationList section */
	};
	rootObject = 4201DA632B1F686B002A203E /* Project object */;
}
